
Microsoft Visual Studio Solution File, Format Version 12.00
# Visual Studio Version 17
VisualStudioVersion = 17.0.31903.59
MinimumVisualStudioVersion = 10.0.40219.1
Project("{2150E333-8FDC-42A3-9474-1A3956D46DE8}") = "ShopappES", "ShopappES", "{594B92BF-6EC2-462E-B417-8FBC67C4DD60}"
EndProject
Project("{FAE04EC0-301F-11D3-BF4B-00C04F79EFBC}") = "ShopappES.Api", "ShopappES\ShopappES.Api\ShopappES.Api.csproj", "{84E31B4F-BE77-4180-8302-CEF55CA80B06}"
EndProject
Project("{FAE04EC0-301F-11D3-BF4B-00C04F79EFBC}") = "ShopappES.Infrastructure", "ShopappES\ShopappES.Infrastructure\ShopappES.Infrastructure.csproj", "{E0A2E33B-CB12-4FFC-977B-99BE3EA44132}"
EndProject
Project("{FAE04EC0-301F-11D3-BF4B-00C04F79EFBC}") = "ShopappES.Domain", "ShopappES\ShopappES.Domain\ShopappES.Domain.csproj", "{B7DEF5DE-0CFE-4743-972C-A7D4B77B27B0}"
EndProject
Project("{FAE04EC0-301F-11D3-BF4B-00C04F79EFBC}") = "ShopappES.Application", "ShopappES\ShopappES.Application\ShopappES.Application.csproj", "{A4FD7D64-860A-402D-AC87-1428D6477126}"
EndProject
Global
	GlobalSection(SolutionConfigurationPlatforms) = preSolution
		Debug|Any CPU = Debug|Any CPU
		Release|Any CPU = Release|Any CPU
	EndGlobalSection
	GlobalSection(SolutionProperties) = preSolution
		HideSolutionNode = FALSE
	EndGlobalSection
	GlobalSection(ProjectConfigurationPlatforms) = postSolution
		{84E31B4F-BE77-4180-8302-CEF55CA80B06}.Debug|Any CPU.ActiveCfg = Debug|Any CPU
		{84E31B4F-BE77-4180-8302-CEF55CA80B06}.Debug|Any CPU.Build.0 = Debug|Any CPU
		{84E31B4F-BE77-4180-8302-CEF55CA80B06}.Release|Any CPU.ActiveCfg = Release|Any CPU
		{84E31B4F-BE77-4180-8302-CEF55CA80B06}.Release|Any CPU.Build.0 = Release|Any CPU
		{E0A2E33B-CB12-4FFC-977B-99BE3EA44132}.Debug|Any CPU.ActiveCfg = Debug|Any CPU
		{E0A2E33B-CB12-4FFC-977B-99BE3EA44132}.Debug|Any CPU.Build.0 = Debug|Any CPU
		{E0A2E33B-CB12-4FFC-977B-99BE3EA44132}.Release|Any CPU.ActiveCfg = Release|Any CPU
		{E0A2E33B-CB12-4FFC-977B-99BE3EA44132}.Release|Any CPU.Build.0 = Release|Any CPU
		{B7DEF5DE-0CFE-4743-972C-A7D4B77B27B0}.Debug|Any CPU.ActiveCfg = Debug|Any CPU
		{B7DEF5DE-0CFE-4743-972C-A7D4B77B27B0}.Debug|Any CPU.Build.0 = Debug|Any CPU
		{B7DEF5DE-0CFE-4743-972C-A7D4B77B27B0}.Release|Any CPU.ActiveCfg = Release|Any CPU
		{B7DEF5DE-0CFE-4743-972C-A7D4B77B27B0}.Release|Any CPU.Build.0 = Release|Any CPU
		{A4FD7D64-860A-402D-AC87-1428D6477126}.Debug|Any CPU.ActiveCfg = Debug|Any CPU
		{A4FD7D64-860A-402D-AC87-1428D6477126}.Debug|Any CPU.Build.0 = Debug|Any CPU
		{A4FD7D64-860A-402D-AC87-1428D6477126}.Release|Any CPU.ActiveCfg = Release|Any CPU
		{A4FD7D64-860A-402D-AC87-1428D6477126}.Release|Any CPU.Build.0 = Release|Any CPU
	EndGlobalSection
	GlobalSection(NestedProjects) = preSolution
		{84E31B4F-BE77-4180-8302-CEF55CA80B06} = {594B92BF-6EC2-462E-B417-8FBC67C4DD60}
		{E0A2E33B-CB12-4FFC-977B-99BE3EA44132} = {594B92BF-6EC2-462E-B417-8FBC67C4DD60}
		{B7DEF5DE-0CFE-4743-972C-A7D4B77B27B0} = {594B92BF-6EC2-462E-B417-8FBC67C4DD60}
		{A4FD7D64-860A-402D-AC87-1428D6477126} = {594B92BF-6EC2-462E-B417-8FBC67C4DD60}
	EndGlobalSection
EndGlobal
